{
	"name": "@scriptserver/essentials",
	"version": "2.0.3",
	"lockfileVersion": 2,
	"requires": true,
	"packages": {
		"": {
			"name": "@scriptserver/essentials",
			"version": "2.0.0",
			"license": "GPL-3.0",
			"dependencies": {
				"lodash.defaultsdeep": "^4.6.1",
				"lodash.template": "^4.5.0"
			},
			"devDependencies": {
				"@types/lodash.defaultsdeep": "^4.6.6",
				"@types/lodash.template": "^4.5.0",
				"@types/node": "^14.14.41",
				"typescript": "^4.2.4"
			}
		},
		"node_modules/@types/lodash": {
			"version": "4.14.172",
			"resolved": "https://registry.npmjs.org/@types/lodash/-/lodash-4.14.172.tgz",
			"integrity": "sha512-/BHF5HAx3em7/KkzVKm3LrsD6HZAXuXO1AJZQ3cRRBZj4oHZDviWPYu0aEplAqDFNHZPW6d3G7KN+ONcCCC7pw==",
			"dev": true
		},
		"node_modules/@types/lodash.defaultsdeep": {
			"version": "4.6.6",
			"resolved": "https://registry.npmjs.org/@types/lodash.defaultsdeep/-/lodash.defaultsdeep-4.6.6.tgz",
			"integrity": "sha512-k3bXTg1/54Obm6uFEtSwvDm2vCyK9jSROv0V9X3gFFNPu7eKmvqqadPSXx0SkVVixSilR30BxhFlnIj8OavXOA==",
			"dev": true,
			"dependencies": {
				"@types/lodash": "*"
			}
		},
		"node_modules/@types/lodash.template": {
			"version": "4.5.0",
			"resolved": "https://registry.npmjs.org/@types/lodash.template/-/lodash.template-4.5.0.tgz",
			"integrity": "sha512-4LgHxK16IPbGR7TmXpPvNT7iNGsLCdQY6Rc0mi1a/JECt8et/D4hx6NMVAJej/d932sj1mJsg0QYHKL189O0Qw==",
			"dev": true,
			"dependencies": {
				"@types/lodash": "*"
			}
		},
		"node_modules/@types/node": {
			"version": "14.17.15",
			"resolved": "https://registry.npmjs.org/@types/node/-/node-14.17.15.tgz",
			"integrity": "sha512-D1sdW0EcSCmNdLKBGMYb38YsHUS6JcM7yQ6sLQ9KuZ35ck7LYCKE7kYFHOO59ayFOY3zobWVZxf4KXhYHcHYFA==",
			"dev": true
		},
		"node_modules/lodash._reinterpolate": {
			"version": "3.0.0",
			"resolved": "https://registry.npmjs.org/lodash._reinterpolate/-/lodash._reinterpolate-3.0.0.tgz",
			"integrity": "sha1-DM8tiRZq8Ds2Y8eWU4t1rG4RTZ0="
		},
		"node_modules/lodash.defaultsdeep": {
			"version": "4.6.1",
			"resolved": "https://registry.npmjs.org/lodash.defaultsdeep/-/lodash.defaultsdeep-4.6.1.tgz",
			"integrity": "sha512-3j8wdDzYuWO3lM3Reg03MuQR957t287Rpcxp1njpEa8oDrikb+FwGdW3n+FELh/A6qib6yPit0j/pv9G/yeAqA=="
		},
		"node_modules/lodash.template": {
			"version": "4.5.0",
			"resolved": "https://registry.npmjs.org/lodash.template/-/lodash.template-4.5.0.tgz",
			"integrity": "sha512-84vYFxIkmidUiFxidA/KjjH9pAycqW+h980j7Fuz5qxRtO9pgB7MDFTdys1N7A5mcucRiDyEq4fusljItR1T/A==",
			"dependencies": {
				"lodash._reinterpolate": "^3.0.0",
				"lodash.templatesettings": "^4.0.0"
			}
		},
		"node_modules/lodash.templatesettings": {
			"version": "4.2.0",
			"resolved": "https://registry.npmjs.org/lodash.templatesettings/-/lodash.templatesettings-4.2.0.tgz",
			"integrity": "sha512-stgLz+i3Aa9mZgnjr/O+v9ruKZsPsndy7qPZOchbqk2cnTU1ZaldKK+v7m54WoKIyxiuMZTKT2H81F8BeAc3ZQ==",
			"dependencies": {
				"lodash._reinterpolate": "^3.0.0"
			}
		},
		"node_modules/typescript": {
			"version": "4.4.3",
			"resolved": "https://registry.npmjs.org/typescript/-/typescript-4.4.3.tgz",
			"integrity": "sha512-4xfscpisVgqqDfPaJo5vkd+Qd/ItkoagnHpufr+i2QCHBsNYp+G7UAoyFl8aPtx879u38wPV65rZ8qbGZijalA==",
			"dev": true,
			"bin": {
				"tsc": "bin/tsc",
				"tsserver": "bin/tsserver"
			},
			"engines": {
				"node": ">=4.2.0"
			}
		}
	},
	"dependencies": {
		"@types/lodash": {
			"version": "4.14.172",
			"resolved": "https://registry.npmjs.org/@types/lodash/-/lodash-4.14.172.tgz",
			"integrity": "sha512-/BHF5HAx3em7/KkzVKm3LrsD6HZAXuXO1AJZQ3cRRBZj4oHZDviWPYu0aEplAqDFNHZPW6d3G7KN+ONcCCC7pw==",
			"dev": true
		},
		"@types/lodash.defaultsdeep": {
			"version": "4.6.6",
			"resolved": "https://registry.npmjs.org/@types/lodash.defaultsdeep/-/lodash.defaultsdeep-4.6.6.tgz",
			"integrity": "sha512-k3bXTg1/54Obm6uFEtSwvDm2vCyK9jSROv0V9X3gFFNPu7eKmvqqadPSXx0SkVVixSilR30BxhFlnIj8OavXOA==",
			"dev": true,
			"requires": {
				"@types/lodash": "*"
			}
		},
		"@types/lodash.template": {
			"version": "4.5.0",
			"resolved": "https://registry.npmjs.org/@types/lodash.template/-/lodash.template-4.5.0.tgz",
			"integrity": "sha512-4LgHxK16IPbGR7TmXpPvNT7iNGsLCdQY6Rc0mi1a/JECt8et/D4hx6NMVAJej/d932sj1mJsg0QYHKL189O0Qw==",
			"dev": true,
			"requires": {
				"@types/lodash": "*"
			}
		},
		"@types/node": {
			"version": "14.17.15",
			"resolved": "https://registry.npmjs.org/@types/node/-/node-14.17.15.tgz",
			"integrity": "sha512-D1sdW0EcSCmNdLKBGMYb38YsHUS6JcM7yQ6sLQ9KuZ35ck7LYCKE7kYFHOO59ayFOY3zobWVZxf4KXhYHcHYFA==",
			"dev": true
		},
		"lodash._reinterpolate": {
			"version": "3.0.0",
			"resolved": "https://registry.npmjs.org/lodash._reinterpolate/-/lodash._reinterpolate-3.0.0.tgz",
			"integrity": "sha1-DM8tiRZq8Ds2Y8eWU4t1rG4RTZ0="
		},
		"lodash.defaultsdeep": {
			"version": "4.6.1",
			"resolved": "https://registry.npmjs.org/lodash.defaultsdeep/-/lodash.defaultsdeep-4.6.1.tgz",
			"integrity": "sha512-3j8wdDzYuWO3lM3Reg03MuQR957t287Rpcxp1njpEa8oDrikb+FwGdW3n+FELh/A6qib6yPit0j/pv9G/yeAqA=="
		},
		"lodash.template": {
			"version": "4.5.0",
			"resolved": "https://registry.npmjs.org/lodash.template/-/lodash.template-4.5.0.tgz",
			"integrity": "sha512-84vYFxIkmidUiFxidA/KjjH9pAycqW+h980j7Fuz5qxRtO9pgB7MDFTdys1N7A5mcucRiDyEq4fusljItR1T/A==",
			"requires": {
				"lodash._reinterpolate": "^3.0.0",
				"lodash.templatesettings": "^4.0.0"
			}
		},
		"lodash.templatesettings": {
			"version": "4.2.0",
			"resolved": "https://registry.npmjs.org/lodash.templatesettings/-/lodash.templatesettings-4.2.0.tgz",
			"integrity": "sha512-stgLz+i3Aa9mZgnjr/O+v9ruKZsPsndy7qPZOchbqk2cnTU1ZaldKK+v7m54WoKIyxiuMZTKT2H81F8BeAc3ZQ==",
			"requires": {
				"lodash._reinterpolate": "^3.0.0"
			}
		},
		"typescript": {
			"version": "4.4.3",
			"resolved": "https://registry.npmjs.org/typescript/-/typescript-4.4.3.tgz",
			"integrity": "sha512-4xfscpisVgqqDfPaJo5vkd+Qd/ItkoagnHpufr+i2QCHBsNYp+G7UAoyFl8aPtx879u38wPV65rZ8qbGZijalA==",
			"dev": true
		}
	}
}
