{
	"name": "@scriptserver/command",
	"version": "2.0.1",
	"lockfileVersion": 2,
	"requires": true,
	"packages": {
		"": {
			"name": "@scriptserver/command",
			"version": "2.0.0",
			"license": "GPL-3.0",
			"dependencies": {
				"lodash.defaultsdeep": "^4.6.1"
			},
			"devDependencies": {
				"@types/lodash.defaultsdeep": "^4.6.6",
				"@types/node": "^14.14.41",
				"typescript": "^4.2.4"
			}
		},
		"node_modules/@types/lodash": {
			"version": "4.14.168",
			"resolved": "https://registry.npmjs.org/@types/lodash/-/lodash-4.14.168.tgz",
			"integrity": "sha512-oVfRvqHV/V6D1yifJbVRU3TMp8OT6o6BG+U9MkwuJ3U8/CsDHvalRpsxBqivn71ztOFZBTfJMvETbqHiaNSj7Q==",
			"dev": true
		},
		"node_modules/@types/lodash.defaultsdeep": {
			"version": "4.6.6",
			"resolved": "https://registry.npmjs.org/@types/lodash.defaultsdeep/-/lodash.defaultsdeep-4.6.6.tgz",
			"integrity": "sha512-k3bXTg1/54Obm6uFEtSwvDm2vCyK9jSROv0V9X3gFFNPu7eKmvqqadPSXx0SkVVixSilR30BxhFlnIj8OavXOA==",
			"dev": true,
			"dependencies": {
				"@types/lodash": "*"
			}
		},
		"node_modules/@types/node": {
			"version": "14.14.41",
			"resolved": "https://registry.npmjs.org/@types/node/-/node-14.14.41.tgz",
			"integrity": "sha512-dueRKfaJL4RTtSa7bWeTK1M+VH+Gns73oCgzvYfHZywRCoPSd8EkXBL0mZ9unPTveBn+D9phZBaxuzpwjWkW0g==",
			"dev": true
		},
		"node_modules/lodash.defaultsdeep": {
			"version": "4.6.1",
			"resolved": "https://registry.npmjs.org/lodash.defaultsdeep/-/lodash.defaultsdeep-4.6.1.tgz",
			"integrity": "sha512-3j8wdDzYuWO3lM3Reg03MuQR957t287Rpcxp1njpEa8oDrikb+FwGdW3n+FELh/A6qib6yPit0j/pv9G/yeAqA=="
		},
		"node_modules/typescript": {
			"version": "4.2.4",
			"resolved": "https://registry.npmjs.org/typescript/-/typescript-4.2.4.tgz",
			"integrity": "sha512-V+evlYHZnQkaz8TRBuxTA92yZBPotr5H+WhQ7bD3hZUndx5tGOa1fuCgeSjxAzM1RiN5IzvadIXTVefuuwZCRg==",
			"dev": true,
			"bin": {
				"tsc": "bin/tsc",
				"tsserver": "bin/tsserver"
			},
			"engines": {
				"node": ">=4.2.0"
			}
		}
	},
	"dependencies": {
		"@types/lodash": {
			"version": "4.14.168",
			"resolved": "https://registry.npmjs.org/@types/lodash/-/lodash-4.14.168.tgz",
			"integrity": "sha512-oVfRvqHV/V6D1yifJbVRU3TMp8OT6o6BG+U9MkwuJ3U8/CsDHvalRpsxBqivn71ztOFZBTfJMvETbqHiaNSj7Q==",
			"dev": true
		},
		"@types/lodash.defaultsdeep": {
			"version": "4.6.6",
			"resolved": "https://registry.npmjs.org/@types/lodash.defaultsdeep/-/lodash.defaultsdeep-4.6.6.tgz",
			"integrity": "sha512-k3bXTg1/54Obm6uFEtSwvDm2vCyK9jSROv0V9X3gFFNPu7eKmvqqadPSXx0SkVVixSilR30BxhFlnIj8OavXOA==",
			"dev": true,
			"requires": {
				"@types/lodash": "*"
			}
		},
		"@types/node": {
			"version": "14.14.41",
			"resolved": "https://registry.npmjs.org/@types/node/-/node-14.14.41.tgz",
			"integrity": "sha512-dueRKfaJL4RTtSa7bWeTK1M+VH+Gns73oCgzvYfHZywRCoPSd8EkXBL0mZ9unPTveBn+D9phZBaxuzpwjWkW0g==",
			"dev": true
		},
		"lodash.defaultsdeep": {
			"version": "4.6.1",
			"resolved": "https://registry.npmjs.org/lodash.defaultsdeep/-/lodash.defaultsdeep-4.6.1.tgz",
			"integrity": "sha512-3j8wdDzYuWO3lM3Reg03MuQR957t287Rpcxp1njpEa8oDrikb+FwGdW3n+FELh/A6qib6yPit0j/pv9G/yeAqA=="
		},
		"typescript": {
			"version": "4.2.4",
			"resolved": "https://registry.npmjs.org/typescript/-/typescript-4.2.4.tgz",
			"integrity": "sha512-V+evlYHZnQkaz8TRBuxTA92yZBPotr5H+WhQ7bD3hZUndx5tGOa1fuCgeSjxAzM1RiN5IzvadIXTVefuuwZCRg==",
			"dev": true
		}
	}
}
